
Microsoft Visual Studio Solution File, Format Version 12.00
# Visual Studio Version 17
VisualStudioVersion = 17.0.31903.59
MinimumVisualStudioVersion = 10.0.40219.1
Project("{9A19103F-16F7-4668-BE54-9A1E7A4F7556}") = "MagicEnums", "MagicEnums\MagicEnums.csproj", "{4980BED9-B412-426B-8949-7653E56BAD1F}"
EndProject
Project("{9A19103F-16F7-4668-BE54-9A1E7A4F7556}") = "MagicEnums.SourceGeneration", "MagicEnums.SourceGeneration\MagicEnums.SourceGeneration.csproj", "{E8A4BCC0-C014-42ED-9424-66B6FBC01836}"
EndProject
Project("{9A19103F-16F7-4668-BE54-9A1E7A4F7556}") = "MagicEnums.UnitTests", "MagicEnums.UnitTests\MagicEnums.UnitTests.csproj", "{7FDF582C-BD1B-436A-9516-CB1DCBFC7CDC}"
EndProject
Project("{FAE04EC0-301F-11D3-BF4B-00C04F79EFBC}") = "MagicEnums.Json", "MagicEnums.Json\MagicEnums.Json.csproj", "{D169D131-6C34-4EF2-94EF-5297A5B10EFC}"
EndProject
Project("{FAE04EC0-301F-11D3-BF4B-00C04F79EFBC}") = "MagicEnums.UnitTests", "MagicEnums.Json.UnitTests\MagicEnums.Json.UnitTests.csproj", "{CCE6E184-2CC6-4D71-9FC5-1077ABC6537B}"
EndProject
Project("{2150E333-8FDC-42A3-9474-1A3956D46DE8}") = "SolutionItems", "SolutionItems", "{E71B5A55-B2B3-40AE-9E5E-D5F5A865C4A0}"
	ProjectSection(SolutionItems) = preProject
		icon.png = icon.png
		LICENSE = LICENSE
		README.md = README.md
		MagicEnums-ExplicitDiscoverability (arguments).gif = MagicEnums-ExplicitDiscoverability (arguments).gif
		MagicEnums-ExplicitDiscoverability.gif = MagicEnums-ExplicitDiscoverability.gif
		MagicEnums-ImplicitDiscoverability.gif = MagicEnums-ImplicitDiscoverability.gif
	EndProjectSection
EndProject
Global
	GlobalSection(SolutionConfigurationPlatforms) = preSolution
		Debug|Any CPU = Debug|Any CPU
		Release|Any CPU = Release|Any CPU
	EndGlobalSection
	GlobalSection(ProjectConfigurationPlatforms) = postSolution
		{4980BED9-B412-426B-8949-7653E56BAD1F}.Debug|Any CPU.ActiveCfg = Debug|Any CPU
		{4980BED9-B412-426B-8949-7653E56BAD1F}.Debug|Any CPU.Build.0 = Debug|Any CPU
		{4980BED9-B412-426B-8949-7653E56BAD1F}.Release|Any CPU.ActiveCfg = Release|Any CPU
		{4980BED9-B412-426B-8949-7653E56BAD1F}.Release|Any CPU.Build.0 = Release|Any CPU
		{E8A4BCC0-C014-42ED-9424-66B6FBC01836}.Debug|Any CPU.ActiveCfg = Debug|Any CPU
		{E8A4BCC0-C014-42ED-9424-66B6FBC01836}.Debug|Any CPU.Build.0 = Debug|Any CPU
		{E8A4BCC0-C014-42ED-9424-66B6FBC01836}.Release|Any CPU.ActiveCfg = Release|Any CPU
		{E8A4BCC0-C014-42ED-9424-66B6FBC01836}.Release|Any CPU.Build.0 = Release|Any CPU
		{7FDF582C-BD1B-436A-9516-CB1DCBFC7CDC}.Debug|Any CPU.ActiveCfg = Debug|Any CPU
		{7FDF582C-BD1B-436A-9516-CB1DCBFC7CDC}.Debug|Any CPU.Build.0 = Debug|Any CPU
		{7FDF582C-BD1B-436A-9516-CB1DCBFC7CDC}.Release|Any CPU.ActiveCfg = Release|Any CPU
		{7FDF582C-BD1B-436A-9516-CB1DCBFC7CDC}.Release|Any CPU.Build.0 = Release|Any CPU
		{D169D131-6C34-4EF2-94EF-5297A5B10EFC}.Debug|Any CPU.ActiveCfg = Debug|Any CPU
		{D169D131-6C34-4EF2-94EF-5297A5B10EFC}.Debug|Any CPU.Build.0 = Debug|Any CPU
		{D169D131-6C34-4EF2-94EF-5297A5B10EFC}.Release|Any CPU.ActiveCfg = Release|Any CPU
		{D169D131-6C34-4EF2-94EF-5297A5B10EFC}.Release|Any CPU.Build.0 = Release|Any CPU
		{CCE6E184-2CC6-4D71-9FC5-1077ABC6537B}.Debug|Any CPU.ActiveCfg = Debug|Any CPU
		{CCE6E184-2CC6-4D71-9FC5-1077ABC6537B}.Debug|Any CPU.Build.0 = Debug|Any CPU
		{CCE6E184-2CC6-4D71-9FC5-1077ABC6537B}.Release|Any CPU.ActiveCfg = Release|Any CPU
		{CCE6E184-2CC6-4D71-9FC5-1077ABC6537B}.Release|Any CPU.Build.0 = Release|Any CPU
	EndGlobalSection
	GlobalSection(SolutionProperties) = preSolution
		HideSolutionNode = FALSE
	EndGlobalSection
	GlobalSection(ExtensibilityGlobals) = postSolution
		SolutionGuid = {0B81A942-5E78-46E6-96C3-1BB8601076AE}
	EndGlobalSection
EndGlobal
